
Microsoft Visual Studio Solution File, Format Version 12.00
# Visual Studio 15
VisualStudioVersion = 15.0.28307.421
MinimumVisualStudioVersion = 10.0.40219.1
Project("{FAE04EC0-301F-11D3-BF4B-00C04F79EFBC}") = "XamarinFormsApp.Android", "XamarinFormsApp\XamarinFormsApp.Android\XamarinFormsApp.Android.csproj", "{24CE3C36-16B9-426D-AA0C-5961ECF8D88C}"
EndProject
Project("{FAE04EC0-301F-11D3-BF4B-00C04F79EFBC}") = "XamarinFormsApp.iOS", "XamarinFormsApp\XamarinFormsApp.iOS\XamarinFormsApp.iOS.csproj", "{4FA4CBC9-B946-49A9-9255-4D2BE3DDF281}"
EndProject
Project("{FAE04EC0-301F-11D3-BF4B-00C04F79EFBC}") = "XamarinFormsApp.UWP", "XamarinFormsApp\XamarinFormsApp.UWP\XamarinFormsApp.UWP.csproj", "{52C3EA37-CC84-4960-BBC5-4B8277BE57D0}"
EndProject
Project("{9A19103F-16F7-4668-BE54-9A1E7A4F7556}") = "XamarinFormsApp", "XamarinFormsApp\XamarinFormsApp\XamarinFormsApp.csproj", "{B9068B1E-5A75-4726-BE7F-29673CDE0277}"
EndProject
Project("{FAE04EC0-301F-11D3-BF4B-00C04F79EFBC}") = "XamarinFormsApp.Core", "XamarinFormsApp.Core\XamarinFormsApp.Core.csproj", "{CD3D7413-EDA3-4DCB-8139-28E5B76A2271}"
EndProject
Project("{FAE04EC0-301F-11D3-BF4B-00C04F79EFBC}") = "XamarinFormsApp.Services", "XamarinFormsApp.Services\XamarinFormsApp.Services.csproj", "{FDA20BBA-E461-4753-977B-A267381AE8B7}"
EndProject
Project("{FAE04EC0-301F-11D3-BF4B-00C04F79EFBC}") = "XamarinFormsApp.Utilities", "XamarinFormsApp.Utilities\XamarinFormsApp.Utilities.csproj", "{8DEC7229-D3F8-4031-82C0-9E7621F89835}"
	ProjectSection(ProjectDependencies) = postProject
		{CD3D7413-EDA3-4DCB-8139-28E5B76A2271} = {CD3D7413-EDA3-4DCB-8139-28E5B76A2271}
	EndProjectSection
EndProject
Project("{FAE04EC0-301F-11D3-BF4B-00C04F79EFBC}") = "XamarinFormsApp.Repository", "XamarinFormsApp.Repository\XamarinFormsApp.Repository.csproj", "{F2B1E89D-0B57-4AEF-98C1-C53C8793687B}"
EndProject
Project("{2150E333-8FDC-42A3-9474-1A3956D46DE8}") = "UnitTests", "UnitTests", "{D936D07C-2978-4F1C-B212-30F3E9CDEC96}"
EndProject
Project("{FAE04EC0-301F-11D3-BF4B-00C04F79EFBC}") = "XamarinFormsApp.Services.UnitTests", "XamarinFormsApp.Services.UnitTests\XamarinFormsApp.Services.UnitTests.csproj", "{AED2C92B-2DD9-4AEE-B8FC-5D76BB7571E6}"
EndProject
Project("{2150E333-8FDC-42A3-9474-1A3956D46DE8}") = "Platforms", "Platforms", "{09004B46-63BC-411C-BBE2-A5722377443E}"
EndProject
Project("{2150E333-8FDC-42A3-9474-1A3956D46DE8}") = "Components", "Components", "{537EC6D1-5777-4D95-8397-2AF0810C1C8D}"
EndProject
Global
	GlobalSection(SolutionConfigurationPlatforms) = preSolution
		Debug|Any CPU = Debug|Any CPU
		Debug|ARM = Debug|ARM
		Debug|iPhone = Debug|iPhone
		Debug|iPhoneSimulator = Debug|iPhoneSimulator
		Debug|x64 = Debug|x64
		Debug|x86 = Debug|x86
		Release|Any CPU = Release|Any CPU
		Release|ARM = Release|ARM
		Release|iPhone = Release|iPhone
		Release|iPhoneSimulator = Release|iPhoneSimulator
		Release|x64 = Release|x64
		Release|x86 = Release|x86
	EndGlobalSection
	GlobalSection(ProjectConfigurationPlatforms) = postSolution
		{24CE3C36-16B9-426D-AA0C-5961ECF8D88C}.Debug|Any CPU.ActiveCfg = Debug|Any CPU
		{24CE3C36-16B9-426D-AA0C-5961ECF8D88C}.Debug|Any CPU.Build.0 = Debug|Any CPU
		{24CE3C36-16B9-426D-AA0C-5961ECF8D88C}.Debug|Any CPU.Deploy.0 = Debug|Any CPU
		{24CE3C36-16B9-426D-AA0C-5961ECF8D88C}.Debug|ARM.ActiveCfg = Debug|Any CPU
		{24CE3C36-16B9-426D-AA0C-5961ECF8D88C}.Debug|ARM.Build.0 = Debug|Any CPU
		{24CE3C36-16B9-426D-AA0C-5961ECF8D88C}.Debug|ARM.Deploy.0 = Debug|Any CPU
		{24CE3C36-16B9-426D-AA0C-5961ECF8D88C}.Debug|iPhone.ActiveCfg = Debug|Any CPU
		{24CE3C36-16B9-426D-AA0C-5961ECF8D88C}.Debug|iPhone.Build.0 = Debug|Any CPU
		{24CE3C36-16B9-426D-AA0C-5961ECF8D88C}.Debug|iPhone.Deploy.0 = Debug|Any CPU
		{24CE3C36-16B9-426D-AA0C-5961ECF8D88C}.Debug|iPhoneSimulator.ActiveCfg = Debug|Any CPU
		{24CE3C36-16B9-426D-AA0C-5961ECF8D88C}.Debug|iPhoneSimulator.Build.0 = Debug|Any CPU
		{24CE3C36-16B9-426D-AA0C-5961ECF8D88C}.Debug|iPhoneSimulator.Deploy.0 = Debug|Any CPU
		{24CE3C36-16B9-426D-AA0C-5961ECF8D88C}.Debug|x64.ActiveCfg = Debug|Any CPU
		{24CE3C36-16B9-426D-AA0C-5961ECF8D88C}.Debug|x64.Build.0 = Debug|Any CPU
		{24CE3C36-16B9-426D-AA0C-5961ECF8D88C}.Debug|x64.Deploy.0 = Debug|Any CPU
		{24CE3C36-16B9-426D-AA0C-5961ECF8D88C}.Debug|x86.ActiveCfg = Debug|Any CPU
		{24CE3C36-16B9-426D-AA0C-5961ECF8D88C}.Debug|x86.Build.0 = Debug|Any CPU
		{24CE3C36-16B9-426D-AA0C-5961ECF8D88C}.Debug|x86.Deploy.0 = Debug|Any CPU
		{24CE3C36-16B9-426D-AA0C-5961ECF8D88C}.Release|Any CPU.ActiveCfg = Release|Any CPU
		{24CE3C36-16B9-426D-AA0C-5961ECF8D88C}.Release|Any CPU.Build.0 = Release|Any CPU
		{24CE3C36-16B9-426D-AA0C-5961ECF8D88C}.Release|Any CPU.Deploy.0 = Release|Any CPU
		{24CE3C36-16B9-426D-AA0C-5961ECF8D88C}.Release|ARM.ActiveCfg = Release|Any CPU
		{24CE3C36-16B9-426D-AA0C-5961ECF8D88C}.Release|ARM.Build.0 = Release|Any CPU
		{24CE3C36-16B9-426D-AA0C-5961ECF8D88C}.Release|ARM.Deploy.0 = Release|Any CPU
		{24CE3C36-16B9-426D-AA0C-5961ECF8D88C}.Release|iPhone.ActiveCfg = Release|Any CPU
		{24CE3C36-16B9-426D-AA0C-5961ECF8D88C}.Release|iPhone.Build.0 = Release|Any CPU
		{24CE3C36-16B9-426D-AA0C-5961ECF8D88C}.Release|iPhone.Deploy.0 = Release|Any CPU
		{24CE3C36-16B9-426D-AA0C-5961ECF8D88C}.Release|iPhoneSimulator.ActiveCfg = Release|Any CPU
		{24CE3C36-16B9-426D-AA0C-5961ECF8D88C}.Release|iPhoneSimulator.Build.0 = Release|Any CPU
		{24CE3C36-16B9-426D-AA0C-5961ECF8D88C}.Release|iPhoneSimulator.Deploy.0 = Release|Any CPU
		{24CE3C36-16B9-426D-AA0C-5961ECF8D88C}.Release|x64.ActiveCfg = Release|Any CPU
		{24CE3C36-16B9-426D-AA0C-5961ECF8D88C}.Release|x64.Build.0 = Release|Any CPU
		{24CE3C36-16B9-426D-AA0C-5961ECF8D88C}.Release|x64.Deploy.0 = Release|Any CPU
		{24CE3C36-16B9-426D-AA0C-5961ECF8D88C}.Release|x86.ActiveCfg = Release|Any CPU
		{24CE3C36-16B9-426D-AA0C-5961ECF8D88C}.Release|x86.Build.0 = Release|Any CPU
		{24CE3C36-16B9-426D-AA0C-5961ECF8D88C}.Release|x86.Deploy.0 = Release|Any CPU
		{4FA4CBC9-B946-49A9-9255-4D2BE3DDF281}.Debug|Any CPU.ActiveCfg = Debug|iPhoneSimulator
		{4FA4CBC9-B946-49A9-9255-4D2BE3DDF281}.Debug|Any CPU.Build.0 = Debug|iPhoneSimulator
		{4FA4CBC9-B946-49A9-9255-4D2BE3DDF281}.Debug|Any CPU.Deploy.0 = Debug|iPhoneSimulator
		{4FA4CBC9-B946-49A9-9255-4D2BE3DDF281}.Debug|ARM.ActiveCfg = Debug|iPhone
		{4FA4CBC9-B946-49A9-9255-4D2BE3DDF281}.Debug|ARM.Build.0 = Debug|iPhone
		{4FA4CBC9-B946-49A9-9255-4D2BE3DDF281}.Debug|ARM.Deploy.0 = Debug|iPhone
		{4FA4CBC9-B946-49A9-9255-4D2BE3DDF281}.Debug|iPhone.ActiveCfg = Debug|iPhone
		{4FA4CBC9-B946-49A9-9255-4D2BE3DDF281}.Debug|iPhone.Build.0 = Debug|iPhone
		{4FA4CBC9-B946-49A9-9255-4D2BE3DDF281}.Debug|iPhone.Deploy.0 = Debug|iPhone
		{4FA4CBC9-B946-49A9-9255-4D2BE3DDF281}.Debug|iPhoneSimulator.ActiveCfg = Debug|iPhoneSimulator
		{4FA4CBC9-B946-49A9-9255-4D2BE3DDF281}.Debug|iPhoneSimulator.Build.0 = Debug|iPhoneSimulator
		{4FA4CBC9-B946-49A9-9255-4D2BE3DDF281}.Debug|iPhoneSimulator.Deploy.0 = Debug|iPhoneSimulator
		{4FA4CBC9-B946-49A9-9255-4D2BE3DDF281}.Debug|x64.ActiveCfg = Debug|iPhone
		{4FA4CBC9-B946-49A9-9255-4D2BE3DDF281}.Debug|x64.Build.0 = Debug|iPhone
		{4FA4CBC9-B946-49A9-9255-4D2BE3DDF281}.Debug|x64.Deploy.0 = Debug|iPhone
		{4FA4CBC9-B946-49A9-9255-4D2BE3DDF281}.Debug|x86.ActiveCfg = Debug|iPhone
		{4FA4CBC9-B946-49A9-9255-4D2BE3DDF281}.Debug|x86.Build.0 = Debug|iPhone
		{4FA4CBC9-B946-49A9-9255-4D2BE3DDF281}.Debug|x86.Deploy.0 = Debug|iPhone
		{4FA4CBC9-B946-49A9-9255-4D2BE3DDF281}.Release|Any CPU.ActiveCfg = Release|iPhone
		{4FA4CBC9-B946-49A9-9255-4D2BE3DDF281}.Release|Any CPU.Build.0 = Release|iPhone
		{4FA4CBC9-B946-49A9-9255-4D2BE3DDF281}.Release|Any CPU.Deploy.0 = Release|iPhone
		{4FA4CBC9-B946-49A9-9255-4D2BE3DDF281}.Release|ARM.ActiveCfg = Release|iPhone
		{4FA4CBC9-B946-49A9-9255-4D2BE3DDF281}.Release|ARM.Build.0 = Release|iPhone
		{4FA4CBC9-B946-49A9-9255-4D2BE3DDF281}.Release|ARM.Deploy.0 = Release|iPhone
		{4FA4CBC9-B946-49A9-9255-4D2BE3DDF281}.Release|iPhone.ActiveCfg = Release|iPhone
		{4FA4CBC9-B946-49A9-9255-4D2BE3DDF281}.Release|iPhone.Build.0 = Release|iPhone
		{4FA4CBC9-B946-49A9-9255-4D2BE3DDF281}.Release|iPhone.Deploy.0 = Release|iPhone
		{4FA4CBC9-B946-49A9-9255-4D2BE3DDF281}.Release|iPhoneSimulator.ActiveCfg = Release|iPhoneSimulator
		{4FA4CBC9-B946-49A9-9255-4D2BE3DDF281}.Release|iPhoneSimulator.Build.0 = Release|iPhoneSimulator
		{4FA4CBC9-B946-49A9-9255-4D2BE3DDF281}.Release|iPhoneSimulator.Deploy.0 = Release|iPhoneSimulator
		{4FA4CBC9-B946-49A9-9255-4D2BE3DDF281}.Release|x64.ActiveCfg = Release|iPhone
		{4FA4CBC9-B946-49A9-9255-4D2BE3DDF281}.Release|x64.Build.0 = Release|iPhone
		{4FA4CBC9-B946-49A9-9255-4D2BE3DDF281}.Release|x64.Deploy.0 = Release|iPhone
		{4FA4CBC9-B946-49A9-9255-4D2BE3DDF281}.Release|x86.ActiveCfg = Release|iPhone
		{4FA4CBC9-B946-49A9-9255-4D2BE3DDF281}.Release|x86.Build.0 = Release|iPhone
		{4FA4CBC9-B946-49A9-9255-4D2BE3DDF281}.Release|x86.Deploy.0 = Release|iPhone
		{52C3EA37-CC84-4960-BBC5-4B8277BE57D0}.Debug|Any CPU.ActiveCfg = Debug|x86
		{52C3EA37-CC84-4960-BBC5-4B8277BE57D0}.Debug|Any CPU.Build.0 = Debug|x86
		{52C3EA37-CC84-4960-BBC5-4B8277BE57D0}.Debug|Any CPU.Deploy.0 = Debug|x86
		{52C3EA37-CC84-4960-BBC5-4B8277BE57D0}.Debug|ARM.ActiveCfg = Debug|ARM
		{52C3EA37-CC84-4960-BBC5-4B8277BE57D0}.Debug|ARM.Build.0 = Debug|ARM
		{52C3EA37-CC84-4960-BBC5-4B8277BE57D0}.Debug|ARM.Deploy.0 = Debug|ARM
		{52C3EA37-CC84-4960-BBC5-4B8277BE57D0}.Debug|iPhone.ActiveCfg = Debug|x86
		{52C3EA37-CC84-4960-BBC5-4B8277BE57D0}.Debug|iPhone.Build.0 = Debug|x86
		{52C3EA37-CC84-4960-BBC5-4B8277BE57D0}.Debug|iPhone.Deploy.0 = Debug|x86
		{52C3EA37-CC84-4960-BBC5-4B8277BE57D0}.Debug|iPhoneSimulator.ActiveCfg = Debug|x86
		{52C3EA37-CC84-4960-BBC5-4B8277BE57D0}.Debug|iPhoneSimulator.Build.0 = Debug|x86
		{52C3EA37-CC84-4960-BBC5-4B8277BE57D0}.Debug|iPhoneSimulator.Deploy.0 = Debug|x86
		{52C3EA37-CC84-4960-BBC5-4B8277BE57D0}.Debug|x64.ActiveCfg = Debug|x64
		{52C3EA37-CC84-4960-BBC5-4B8277BE57D0}.Debug|x64.Build.0 = Debug|x64
		{52C3EA37-CC84-4960-BBC5-4B8277BE57D0}.Debug|x64.Deploy.0 = Debug|x64
		{52C3EA37-CC84-4960-BBC5-4B8277BE57D0}.Debug|x86.ActiveCfg = Debug|x86
		{52C3EA37-CC84-4960-BBC5-4B8277BE57D0}.Debug|x86.Build.0 = Debug|x86
		{52C3EA37-CC84-4960-BBC5-4B8277BE57D0}.Debug|x86.Deploy.0 = Debug|x86
		{52C3EA37-CC84-4960-BBC5-4B8277BE57D0}.Release|Any CPU.ActiveCfg = Release|x86
		{52C3EA37-CC84-4960-BBC5-4B8277BE57D0}.Release|Any CPU.Build.0 = Release|x86
		{52C3EA37-CC84-4960-BBC5-4B8277BE57D0}.Release|Any CPU.Deploy.0 = Release|x86
		{52C3EA37-CC84-4960-BBC5-4B8277BE57D0}.Release|ARM.ActiveCfg = Release|ARM
		{52C3EA37-CC84-4960-BBC5-4B8277BE57D0}.Release|ARM.Build.0 = Release|ARM
		{52C3EA37-CC84-4960-BBC5-4B8277BE57D0}.Release|ARM.Deploy.0 = Release|ARM
		{52C3EA37-CC84-4960-BBC5-4B8277BE57D0}.Release|iPhone.ActiveCfg = Release|x86
		{52C3EA37-CC84-4960-BBC5-4B8277BE57D0}.Release|iPhone.Build.0 = Release|x86
		{52C3EA37-CC84-4960-BBC5-4B8277BE57D0}.Release|iPhone.Deploy.0 = Release|x86
		{52C3EA37-CC84-4960-BBC5-4B8277BE57D0}.Release|iPhoneSimulator.ActiveCfg = Release|x86
		{52C3EA37-CC84-4960-BBC5-4B8277BE57D0}.Release|iPhoneSimulator.Build.0 = Release|x86
		{52C3EA37-CC84-4960-BBC5-4B8277BE57D0}.Release|iPhoneSimulator.Deploy.0 = Release|x86
		{52C3EA37-CC84-4960-BBC5-4B8277BE57D0}.Release|x64.ActiveCfg = Release|x64
		{52C3EA37-CC84-4960-BBC5-4B8277BE57D0}.Release|x64.Build.0 = Release|x64
		{52C3EA37-CC84-4960-BBC5-4B8277BE57D0}.Release|x64.Deploy.0 = Release|x64
		{52C3EA37-CC84-4960-BBC5-4B8277BE57D0}.Release|x86.ActiveCfg = Release|x86
		{52C3EA37-CC84-4960-BBC5-4B8277BE57D0}.Release|x86.Build.0 = Release|x86
		{52C3EA37-CC84-4960-BBC5-4B8277BE57D0}.Release|x86.Deploy.0 = Release|x86
		{B9068B1E-5A75-4726-BE7F-29673CDE0277}.Debug|Any CPU.ActiveCfg = Debug|Any CPU
		{B9068B1E-5A75-4726-BE7F-29673CDE0277}.Debug|Any CPU.Build.0 = Debug|Any CPU
		{B9068B1E-5A75-4726-BE7F-29673CDE0277}.Debug|Any CPU.Deploy.0 = Debug|Any CPU
		{B9068B1E-5A75-4726-BE7F-29673CDE0277}.Debug|ARM.ActiveCfg = Debug|Any CPU
		{B9068B1E-5A75-4726-BE7F-29673CDE0277}.Debug|ARM.Build.0 = Debug|Any CPU
		{B9068B1E-5A75-4726-BE7F-29673CDE0277}.Debug|ARM.Deploy.0 = Debug|Any CPU
		{B9068B1E-5A75-4726-BE7F-29673CDE0277}.Debug|iPhone.ActiveCfg = Debug|Any CPU
		{B9068B1E-5A75-4726-BE7F-29673CDE0277}.Debug|iPhone.Build.0 = Debug|Any CPU
		{B9068B1E-5A75-4726-BE7F-29673CDE0277}.Debug|iPhone.Deploy.0 = Debug|Any CPU
		{B9068B1E-5A75-4726-BE7F-29673CDE0277}.Debug|iPhoneSimulator.ActiveCfg = Debug|Any CPU
		{B9068B1E-5A75-4726-BE7F-29673CDE0277}.Debug|iPhoneSimulator.Build.0 = Debug|Any CPU
		{B9068B1E-5A75-4726-BE7F-29673CDE0277}.Debug|iPhoneSimulator.Deploy.0 = Debug|Any CPU
		{B9068B1E-5A75-4726-BE7F-29673CDE0277}.Debug|x64.ActiveCfg = Debug|Any CPU
		{B9068B1E-5A75-4726-BE7F-29673CDE0277}.Debug|x64.Build.0 = Debug|Any CPU
		{B9068B1E-5A75-4726-BE7F-29673CDE0277}.Debug|x64.Deploy.0 = Debug|Any CPU
		{B9068B1E-5A75-4726-BE7F-29673CDE0277}.Debug|x86.ActiveCfg = Debug|Any CPU
		{B9068B1E-5A75-4726-BE7F-29673CDE0277}.Debug|x86.Build.0 = Debug|Any CPU
		{B9068B1E-5A75-4726-BE7F-29673CDE0277}.Debug|x86.Deploy.0 = Debug|Any CPU
		{B9068B1E-5A75-4726-BE7F-29673CDE0277}.Release|Any CPU.ActiveCfg = Release|Any CPU
		{B9068B1E-5A75-4726-BE7F-29673CDE0277}.Release|Any CPU.Build.0 = Release|Any CPU
		{B9068B1E-5A75-4726-BE7F-29673CDE0277}.Release|Any CPU.Deploy.0 = Release|Any CPU
		{B9068B1E-5A75-4726-BE7F-29673CDE0277}.Release|ARM.ActiveCfg = Release|Any CPU
		{B9068B1E-5A75-4726-BE7F-29673CDE0277}.Release|ARM.Build.0 = Release|Any CPU
		{B9068B1E-5A75-4726-BE7F-29673CDE0277}.Release|ARM.Deploy.0 = Release|Any CPU
		{B9068B1E-5A75-4726-BE7F-29673CDE0277}.Release|iPhone.ActiveCfg = Release|Any CPU
		{B9068B1E-5A75-4726-BE7F-29673CDE0277}.Release|iPhone.Build.0 = Release|Any CPU
		{B9068B1E-5A75-4726-BE7F-29673CDE0277}.Release|iPhone.Deploy.0 = Release|Any CPU
		{B9068B1E-5A75-4726-BE7F-29673CDE0277}.Release|iPhoneSimulator.ActiveCfg = Release|Any CPU
		{B9068B1E-5A75-4726-BE7F-29673CDE0277}.Release|iPhoneSimulator.Build.0 = Release|Any CPU
		{B9068B1E-5A75-4726-BE7F-29673CDE0277}.Release|iPhoneSimulator.Deploy.0 = Release|Any CPU
		{B9068B1E-5A75-4726-BE7F-29673CDE0277}.Release|x64.ActiveCfg = Release|Any CPU
		{B9068B1E-5A75-4726-BE7F-29673CDE0277}.Release|x64.Build.0 = Release|Any CPU
		{B9068B1E-5A75-4726-BE7F-29673CDE0277}.Release|x64.Deploy.0 = Release|Any CPU
		{B9068B1E-5A75-4726-BE7F-29673CDE0277}.Release|x86.ActiveCfg = Release|Any CPU
		{B9068B1E-5A75-4726-BE7F-29673CDE0277}.Release|x86.Build.0 = Release|Any CPU
		{B9068B1E-5A75-4726-BE7F-29673CDE0277}.Release|x86.Deploy.0 = Release|Any CPU
		{CD3D7413-EDA3-4DCB-8139-28E5B76A2271}.Debug|Any CPU.ActiveCfg = Debug|Any CPU
		{CD3D7413-EDA3-4DCB-8139-28E5B76A2271}.Debug|Any CPU.Build.0 = Debug|Any CPU
		{CD3D7413-EDA3-4DCB-8139-28E5B76A2271}.Debug|ARM.ActiveCfg = Debug|Any CPU
		{CD3D7413-EDA3-4DCB-8139-28E5B76A2271}.Debug|ARM.Build.0 = Debug|Any CPU
		{CD3D7413-EDA3-4DCB-8139-28E5B76A2271}.Debug|iPhone.ActiveCfg = Debug|Any CPU
		{CD3D7413-EDA3-4DCB-8139-28E5B76A2271}.Debug|iPhone.Build.0 = Debug|Any CPU
		{CD3D7413-EDA3-4DCB-8139-28E5B76A2271}.Debug|iPhoneSimulator.ActiveCfg = Debug|Any CPU
		{CD3D7413-EDA3-4DCB-8139-28E5B76A2271}.Debug|iPhoneSimulator.Build.0 = Debug|Any CPU
		{CD3D7413-EDA3-4DCB-8139-28E5B76A2271}.Debug|x64.ActiveCfg = Debug|Any CPU
		{CD3D7413-EDA3-4DCB-8139-28E5B76A2271}.Debug|x64.Build.0 = Debug|Any CPU
		{CD3D7413-EDA3-4DCB-8139-28E5B76A2271}.Debug|x86.ActiveCfg = Debug|Any CPU
		{CD3D7413-EDA3-4DCB-8139-28E5B76A2271}.Debug|x86.Build.0 = Debug|Any CPU
		{CD3D7413-EDA3-4DCB-8139-28E5B76A2271}.Release|Any CPU.ActiveCfg = Release|Any CPU
		{CD3D7413-EDA3-4DCB-8139-28E5B76A2271}.Release|Any CPU.Build.0 = Release|Any CPU
		{CD3D7413-EDA3-4DCB-8139-28E5B76A2271}.Release|ARM.ActiveCfg = Release|Any CPU
		{CD3D7413-EDA3-4DCB-8139-28E5B76A2271}.Release|ARM.Build.0 = Release|Any CPU
		{CD3D7413-EDA3-4DCB-8139-28E5B76A2271}.Release|iPhone.ActiveCfg = Release|Any CPU
		{CD3D7413-EDA3-4DCB-8139-28E5B76A2271}.Release|iPhone.Build.0 = Release|Any CPU
		{CD3D7413-EDA3-4DCB-8139-28E5B76A2271}.Release|iPhoneSimulator.ActiveCfg = Release|Any CPU
		{CD3D7413-EDA3-4DCB-8139-28E5B76A2271}.Release|iPhoneSimulator.Build.0 = Release|Any CPU
		{CD3D7413-EDA3-4DCB-8139-28E5B76A2271}.Release|x64.ActiveCfg = Release|Any CPU
		{CD3D7413-EDA3-4DCB-8139-28E5B76A2271}.Release|x64.Build.0 = Release|Any CPU
		{CD3D7413-EDA3-4DCB-8139-28E5B76A2271}.Release|x86.ActiveCfg = Release|Any CPU
		{CD3D7413-EDA3-4DCB-8139-28E5B76A2271}.Release|x86.Build.0 = Release|Any CPU
		{FDA20BBA-E461-4753-977B-A267381AE8B7}.Debug|Any CPU.ActiveCfg = Debug|Any CPU
		{FDA20BBA-E461-4753-977B-A267381AE8B7}.Debug|Any CPU.Build.0 = Debug|Any CPU
		{FDA20BBA-E461-4753-977B-A267381AE8B7}.Debug|ARM.ActiveCfg = Debug|Any CPU
		{FDA20BBA-E461-4753-977B-A267381AE8B7}.Debug|ARM.Build.0 = Debug|Any CPU
		{FDA20BBA-E461-4753-977B-A267381AE8B7}.Debug|iPhone.ActiveCfg = Debug|Any CPU
		{FDA20BBA-E461-4753-977B-A267381AE8B7}.Debug|iPhone.Build.0 = Debug|Any CPU
		{FDA20BBA-E461-4753-977B-A267381AE8B7}.Debug|iPhoneSimulator.ActiveCfg = Debug|Any CPU
		{FDA20BBA-E461-4753-977B-A267381AE8B7}.Debug|iPhoneSimulator.Build.0 = Debug|Any CPU
		{FDA20BBA-E461-4753-977B-A267381AE8B7}.Debug|x64.ActiveCfg = Debug|Any CPU
		{FDA20BBA-E461-4753-977B-A267381AE8B7}.Debug|x64.Build.0 = Debug|Any CPU
		{FDA20BBA-E461-4753-977B-A267381AE8B7}.Debug|x86.ActiveCfg = Debug|Any CPU
		{FDA20BBA-E461-4753-977B-A267381AE8B7}.Debug|x86.Build.0 = Debug|Any CPU
		{FDA20BBA-E461-4753-977B-A267381AE8B7}.Release|Any CPU.ActiveCfg = Release|Any CPU
		{FDA20BBA-E461-4753-977B-A267381AE8B7}.Release|Any CPU.Build.0 = Release|Any CPU
		{FDA20BBA-E461-4753-977B-A267381AE8B7}.Release|ARM.ActiveCfg = Release|Any CPU
		{FDA20BBA-E461-4753-977B-A267381AE8B7}.Release|ARM.Build.0 = Release|Any CPU
		{FDA20BBA-E461-4753-977B-A267381AE8B7}.Release|iPhone.ActiveCfg = Release|Any CPU
		{FDA20BBA-E461-4753-977B-A267381AE8B7}.Release|iPhone.Build.0 = Release|Any CPU
		{FDA20BBA-E461-4753-977B-A267381AE8B7}.Release|iPhoneSimulator.ActiveCfg = Release|Any CPU
		{FDA20BBA-E461-4753-977B-A267381AE8B7}.Release|iPhoneSimulator.Build.0 = Release|Any CPU
		{FDA20BBA-E461-4753-977B-A267381AE8B7}.Release|x64.ActiveCfg = Release|Any CPU
		{FDA20BBA-E461-4753-977B-A267381AE8B7}.Release|x64.Build.0 = Release|Any CPU
		{FDA20BBA-E461-4753-977B-A267381AE8B7}.Release|x86.ActiveCfg = Release|Any CPU
		{FDA20BBA-E461-4753-977B-A267381AE8B7}.Release|x86.Build.0 = Release|Any CPU
		{8DEC7229-D3F8-4031-82C0-9E7621F89835}.Debug|Any CPU.ActiveCfg = Debug|Any CPU
		{8DEC7229-D3F8-4031-82C0-9E7621F89835}.Debug|Any CPU.Build.0 = Debug|Any CPU
		{8DEC7229-D3F8-4031-82C0-9E7621F89835}.Debug|ARM.ActiveCfg = Debug|Any CPU
		{8DEC7229-D3F8-4031-82C0-9E7621F89835}.Debug|ARM.Build.0 = Debug|Any CPU
		{8DEC7229-D3F8-4031-82C0-9E7621F89835}.Debug|iPhone.ActiveCfg = Debug|Any CPU
		{8DEC7229-D3F8-4031-82C0-9E7621F89835}.Debug|iPhone.Build.0 = Debug|Any CPU
		{8DEC7229-D3F8-4031-82C0-9E7621F89835}.Debug|iPhoneSimulator.ActiveCfg = Debug|Any CPU
		{8DEC7229-D3F8-4031-82C0-9E7621F89835}.Debug|iPhoneSimulator.Build.0 = Debug|Any CPU
		{8DEC7229-D3F8-4031-82C0-9E7621F89835}.Debug|x64.ActiveCfg = Debug|Any CPU
		{8DEC7229-D3F8-4031-82C0-9E7621F89835}.Debug|x64.Build.0 = Debug|Any CPU
		{8DEC7229-D3F8-4031-82C0-9E7621F89835}.Debug|x86.ActiveCfg = Debug|Any CPU
		{8DEC7229-D3F8-4031-82C0-9E7621F89835}.Debug|x86.Build.0 = Debug|Any CPU
		{8DEC7229-D3F8-4031-82C0-9E7621F89835}.Release|Any CPU.ActiveCfg = Release|Any CPU
		{8DEC7229-D3F8-4031-82C0-9E7621F89835}.Release|Any CPU.Build.0 = Release|Any CPU
		{8DEC7229-D3F8-4031-82C0-9E7621F89835}.Release|ARM.ActiveCfg = Release|Any CPU
		{8DEC7229-D3F8-4031-82C0-9E7621F89835}.Release|ARM.Build.0 = Release|Any CPU
		{8DEC7229-D3F8-4031-82C0-9E7621F89835}.Release|iPhone.ActiveCfg = Release|Any CPU
		{8DEC7229-D3F8-4031-82C0-9E7621F89835}.Release|iPhone.Build.0 = Release|Any CPU
		{8DEC7229-D3F8-4031-82C0-9E7621F89835}.Release|iPhoneSimulator.ActiveCfg = Release|Any CPU
		{8DEC7229-D3F8-4031-82C0-9E7621F89835}.Release|iPhoneSimulator.Build.0 = Release|Any CPU
		{8DEC7229-D3F8-4031-82C0-9E7621F89835}.Release|x64.ActiveCfg = Release|Any CPU
		{8DEC7229-D3F8-4031-82C0-9E7621F89835}.Release|x64.Build.0 = Release|Any CPU
		{8DEC7229-D3F8-4031-82C0-9E7621F89835}.Release|x86.ActiveCfg = Release|Any CPU
		{8DEC7229-D3F8-4031-82C0-9E7621F89835}.Release|x86.Build.0 = Release|Any CPU
		{F2B1E89D-0B57-4AEF-98C1-C53C8793687B}.Debug|Any CPU.ActiveCfg = Debug|Any CPU
		{F2B1E89D-0B57-4AEF-98C1-C53C8793687B}.Debug|Any CPU.Build.0 = Debug|Any CPU
		{F2B1E89D-0B57-4AEF-98C1-C53C8793687B}.Debug|ARM.ActiveCfg = Debug|Any CPU
		{F2B1E89D-0B57-4AEF-98C1-C53C8793687B}.Debug|ARM.Build.0 = Debug|Any CPU
		{F2B1E89D-0B57-4AEF-98C1-C53C8793687B}.Debug|iPhone.ActiveCfg = Debug|Any CPU
		{F2B1E89D-0B57-4AEF-98C1-C53C8793687B}.Debug|iPhone.Build.0 = Debug|Any CPU
		{F2B1E89D-0B57-4AEF-98C1-C53C8793687B}.Debug|iPhoneSimulator.ActiveCfg = Debug|Any CPU
		{F2B1E89D-0B57-4AEF-98C1-C53C8793687B}.Debug|iPhoneSimulator.Build.0 = Debug|Any CPU
		{F2B1E89D-0B57-4AEF-98C1-C53C8793687B}.Debug|x64.ActiveCfg = Debug|Any CPU
		{F2B1E89D-0B57-4AEF-98C1-C53C8793687B}.Debug|x64.Build.0 = Debug|Any CPU
		{F2B1E89D-0B57-4AEF-98C1-C53C8793687B}.Debug|x86.ActiveCfg = Debug|Any CPU
		{F2B1E89D-0B57-4AEF-98C1-C53C8793687B}.Debug|x86.Build.0 = Debug|Any CPU
		{F2B1E89D-0B57-4AEF-98C1-C53C8793687B}.Release|Any CPU.ActiveCfg = Release|Any CPU
		{F2B1E89D-0B57-4AEF-98C1-C53C8793687B}.Release|Any CPU.Build.0 = Release|Any CPU
		{F2B1E89D-0B57-4AEF-98C1-C53C8793687B}.Release|ARM.ActiveCfg = Release|Any CPU
		{F2B1E89D-0B57-4AEF-98C1-C53C8793687B}.Release|ARM.Build.0 = Release|Any CPU
		{F2B1E89D-0B57-4AEF-98C1-C53C8793687B}.Release|iPhone.ActiveCfg = Release|Any CPU
		{F2B1E89D-0B57-4AEF-98C1-C53C8793687B}.Release|iPhone.Build.0 = Release|Any CPU
		{F2B1E89D-0B57-4AEF-98C1-C53C8793687B}.Release|iPhoneSimulator.ActiveCfg = Release|Any CPU
		{F2B1E89D-0B57-4AEF-98C1-C53C8793687B}.Release|iPhoneSimulator.Build.0 = Release|Any CPU
		{F2B1E89D-0B57-4AEF-98C1-C53C8793687B}.Release|x64.ActiveCfg = Release|Any CPU
		{F2B1E89D-0B57-4AEF-98C1-C53C8793687B}.Release|x64.Build.0 = Release|Any CPU
		{F2B1E89D-0B57-4AEF-98C1-C53C8793687B}.Release|x86.ActiveCfg = Release|Any CPU
		{F2B1E89D-0B57-4AEF-98C1-C53C8793687B}.Release|x86.Build.0 = Release|Any CPU
		{AED2C92B-2DD9-4AEE-B8FC-5D76BB7571E6}.Debug|Any CPU.ActiveCfg = Debug|Any CPU
		{AED2C92B-2DD9-4AEE-B8FC-5D76BB7571E6}.Debug|Any CPU.Build.0 = Debug|Any CPU
		{AED2C92B-2DD9-4AEE-B8FC-5D76BB7571E6}.Debug|ARM.ActiveCfg = Debug|Any CPU
		{AED2C92B-2DD9-4AEE-B8FC-5D76BB7571E6}.Debug|ARM.Build.0 = Debug|Any CPU
		{AED2C92B-2DD9-4AEE-B8FC-5D76BB7571E6}.Debug|iPhone.ActiveCfg = Debug|Any CPU
		{AED2C92B-2DD9-4AEE-B8FC-5D76BB7571E6}.Debug|iPhone.Build.0 = Debug|Any CPU
		{AED2C92B-2DD9-4AEE-B8FC-5D76BB7571E6}.Debug|iPhoneSimulator.ActiveCfg = Debug|Any CPU
		{AED2C92B-2DD9-4AEE-B8FC-5D76BB7571E6}.Debug|iPhoneSimulator.Build.0 = Debug|Any CPU
		{AED2C92B-2DD9-4AEE-B8FC-5D76BB7571E6}.Debug|x64.ActiveCfg = Debug|Any CPU
		{AED2C92B-2DD9-4AEE-B8FC-5D76BB7571E6}.Debug|x64.Build.0 = Debug|Any CPU
		{AED2C92B-2DD9-4AEE-B8FC-5D76BB7571E6}.Debug|x86.ActiveCfg = Debug|Any CPU
		{AED2C92B-2DD9-4AEE-B8FC-5D76BB7571E6}.Debug|x86.Build.0 = Debug|Any CPU
		{AED2C92B-2DD9-4AEE-B8FC-5D76BB7571E6}.Release|Any CPU.ActiveCfg = Release|Any CPU
		{AED2C92B-2DD9-4AEE-B8FC-5D76BB7571E6}.Release|Any CPU.Build.0 = Release|Any CPU
		{AED2C92B-2DD9-4AEE-B8FC-5D76BB7571E6}.Release|ARM.ActiveCfg = Release|Any CPU
		{AED2C92B-2DD9-4AEE-B8FC-5D76BB7571E6}.Release|ARM.Build.0 = Release|Any CPU
		{AED2C92B-2DD9-4AEE-B8FC-5D76BB7571E6}.Release|iPhone.ActiveCfg = Release|Any CPU
		{AED2C92B-2DD9-4AEE-B8FC-5D76BB7571E6}.Release|iPhone.Build.0 = Release|Any CPU
		{AED2C92B-2DD9-4AEE-B8FC-5D76BB7571E6}.Release|iPhoneSimulator.ActiveCfg = Release|Any CPU
		{AED2C92B-2DD9-4AEE-B8FC-5D76BB7571E6}.Release|iPhoneSimulator.Build.0 = Release|Any CPU
		{AED2C92B-2DD9-4AEE-B8FC-5D76BB7571E6}.Release|x64.ActiveCfg = Release|Any CPU
		{AED2C92B-2DD9-4AEE-B8FC-5D76BB7571E6}.Release|x64.Build.0 = Release|Any CPU
		{AED2C92B-2DD9-4AEE-B8FC-5D76BB7571E6}.Release|x86.ActiveCfg = Release|Any CPU
		{AED2C92B-2DD9-4AEE-B8FC-5D76BB7571E6}.Release|x86.Build.0 = Release|Any CPU
	EndGlobalSection
	GlobalSection(SolutionProperties) = preSolution
		HideSolutionNode = FALSE
	EndGlobalSection
	GlobalSection(NestedProjects) = preSolution
		{24CE3C36-16B9-426D-AA0C-5961ECF8D88C} = {09004B46-63BC-411C-BBE2-A5722377443E}
		{4FA4CBC9-B946-49A9-9255-4D2BE3DDF281} = {09004B46-63BC-411C-BBE2-A5722377443E}
		{52C3EA37-CC84-4960-BBC5-4B8277BE57D0} = {09004B46-63BC-411C-BBE2-A5722377443E}
		{CD3D7413-EDA3-4DCB-8139-28E5B76A2271} = {537EC6D1-5777-4D95-8397-2AF0810C1C8D}
		{FDA20BBA-E461-4753-977B-A267381AE8B7} = {537EC6D1-5777-4D95-8397-2AF0810C1C8D}
		{8DEC7229-D3F8-4031-82C0-9E7621F89835} = {537EC6D1-5777-4D95-8397-2AF0810C1C8D}
		{F2B1E89D-0B57-4AEF-98C1-C53C8793687B} = {537EC6D1-5777-4D95-8397-2AF0810C1C8D}
		{AED2C92B-2DD9-4AEE-B8FC-5D76BB7571E6} = {D936D07C-2978-4F1C-B212-30F3E9CDEC96}
	EndGlobalSection
	GlobalSection(ExtensibilityGlobals) = postSolution
		SolutionGuid = {E0C4AA6F-99B5-49DF-B9D0-1A1D5A7D5329}
	EndGlobalSection
EndGlobal
